# This file is automatically @generated by Cargo.
# It is not intended for manual editing.
version = 4

[[package]]
name = "bitflags"
version = "2.9.4"
source = "registry+https://github.com/rust-lang/crates.io-index"
checksum = "2261d10cca569e4643e526d8dc2e62e433cc8aba21ab764233731f8d369bf394"

[[package]]
name = "compress"
version = "0.1.0"
source = "git+https://github.com/neri/compress.git#413d79594080b0724e9b933ed82161120fc96db2"
dependencies = [
 "libm",
]

[[package]]
name = "elf2ceef"
version = "0.1.0"
dependencies = [
 "compress",
]

[[package]]
name = "libm"
version = "0.2.15"
source = "registry+https://github.com/rust-lang/crates.io-index"
checksum = "f9fbbcab51052fe104eb5e5d351cf728d30a5be1fe14d9be8a3b097481fb97de"

[[package]]
name = "mkfdfs"
version = "0.1.0"
dependencies = [
 "bitflags",
]

[[package]]
name = "mkinitrd"
version = "0.1.0"
dependencies = [
 "myos-archive",
]

[[package]]
name = "mkkrnimg"
version = "0.1.0"

[[package]]
name = "myos-archive"
version = "0.1.0"

[[package]]
name = "wasm-strip"
version = "0.1.0"
