# This file is automatically @generated by Cargo.
# It is not intended for manual editing.
version = 4

[[package]]
name = "bitflags"
version = "2.9.2"
source = "registry+https://github.com/rust-lang/crates.io-index"
checksum = "6a65b545ab31d687cff52899d4890855fec459eb6afe0da6417b8a18da87aa29"

[[package]]
name = "compress"
version = "0.1.0"
source = "git+https://github.com/neri/compress.git#29d34a51d32642e3338347b0812e64de3127f557"
dependencies = [
 "libm",
]

[[package]]
name = "elf2ceef"
version = "0.1.0"
dependencies = [
 "compress",
]

[[package]]
name = "libm"
version = "0.2.15"
source = "registry+https://github.com/rust-lang/crates.io-index"
checksum = "f9fbbcab51052fe104eb5e5d351cf728d30a5be1fe14d9be8a3b097481fb97de"

[[package]]
name = "mkfdfs"
version = "0.1.0"
dependencies = [
 "bitflags",
]

[[package]]
name = "mkinitrd"
version = "0.1.0"
dependencies = [
 "myos-archive",
]

[[package]]
name = "mkkrnimg"
version = "0.1.0"

[[package]]
name = "myos-archive"
version = "0.1.0"

[[package]]
name = "wasm-strip"
version = "0.1.0"
