# This file is automatically @generated by Cargo.
# It is not intended for manual editing.
version = 4

[[package]]
name = "bitflags"
version = "2.11.1"
source = "registry+https://github.com/rust-lang/crates.io-index"
checksum = "c4512299f36f043ab09a583e57bceb5a5aab7a73db1805848e8fef3c9e8c78b3"

[[package]]
name = "compress"
version = "0.1.0"
source = "git+https://github.com/neri/compress.git#c08efe8b2caed4caa523900ca0ebe40369768315"
dependencies = [
 "libm",
]

[[package]]
name = "elf"
version = "0.1.0"

[[package]]
name = "elf2ceef"
version = "0.1.0"
dependencies = [
 "compress",
 "elf",
]

[[package]]
name = "libm"
version = "0.2.16"
source = "registry+https://github.com/rust-lang/crates.io-index"
checksum = "b6d2cec3eae94f9f509c767b45932f1ada8350c4bdb85af2fcab4a3c14807981"

[[package]]
name = "mkfdfs"
version = "0.1.0"
dependencies = [
 "bitflags",
]

[[package]]
name = "mkinitrd"
version = "0.1.0"
dependencies = [
 "myos-archive",
]

[[package]]
name = "mkkrnimg"
version = "0.1.0"

[[package]]
name = "myos-archive"
version = "0.1.0"

[[package]]
name = "wasm-strip"
version = "0.1.0"
